// !$*UTF8*$!
{
	archiveVersion = 1;
	classes = {
	};
	objectVersion = 77;
	objects = {

/* Begin PBXBuildFile section */
		2B1ACDC22E7AC71000E5429E /* SettingsWindowManager.swift in Sources */ = {isa = PBXBuildFile; fileRef = 2B1ACDC12E7AC71000E5429E /* SettingsWindowManager.swift */; };
		2B1ACDC42E7AC73000E5429E /* SettingsView.swift in Sources */ = {isa = PBXBuildFile; fileRef = 2B1ACDC32E7AC73000E5429E /* SettingsView.swift */; };
		2B1ACDC72E7ACDF700E5429E /* Afterable.swift in Sources */ = {isa = PBXBuildFile; fileRef = 2B1ACDC62E7ACDF400E5429E /* Afterable.swift */; };
		2B1ACDC92E7ACF2B00E5429E /* NSObject.swift in Sources */ = {isa = PBXBuildFile; fileRef = 2B1ACDC82E7ACF2B00E5429E /* NSObject.swift */; };
		2B1ACDCB2E7C485A00E5429E /* View+Ext.swift in Sources */ = {isa = PBXBuildFile; fileRef = 2B1ACDCA2E7C485A00E5429E /* View+Ext.swift */; };
		2B1F0E8E2E78510E0072BDD8 /* TypeAliases.swift in Sources */ = {isa = PBXBuildFile; fileRef = 2B1F0E8D2E7851090072BDD8 /* TypeAliases.swift */; };
		2B1F0E902E7989940072BDD8 /* ExchangeLanguageView.swift in Sources */ = {isa = PBXBuildFile; fileRef = 2B1F0E8F2E7989940072BDD8 /* ExchangeLanguageView.swift */; };
		2B2F39542E93DF0F009AB506 /* GeneralSettingsView.swift in Sources */ = {isa = PBXBuildFile; fileRef = 2B2F39532E93DF0F009AB506 /* GeneralSettingsView.swift */; };
		2B2F39562E93DF24009AB506 /* TranslationSettingsView.swift in Sources */ = {isa = PBXBuildFile; fileRef = 2B2F39552E93DF24009AB506 /* TranslationSettingsView.swift */; };
		2B2F39582E93DF2F009AB506 /* ShortcutsSettingsView.swift in Sources */ = {isa = PBXBuildFile; fileRef = 2B2F39572E93DF2F009AB506 /* ShortcutsSettingsView.swift */; };
		2B2F395A2E93DF3E009AB506 /* AboutSettingsView.swift in Sources */ = {isa = PBXBuildFile; fileRef = 2B2F39592E93DF3E009AB506 /* AboutSettingsView.swift */; };
		2B4AB4A52E5F256B005DF24C /* Assets.xcassets in Resources */ = {isa = PBXBuildFile; fileRef = 2B4AB49E2E5F256B005DF24C /* Assets.xcassets */; };
		2B4AB4A62E5F256B005DF24C /* EnterKeyHandlerTextView.swift in Sources */ = {isa = PBXBuildFile; fileRef = 2B4AB4832E5F256B005DF24C /* EnterKeyHandlerTextView.swift */; };
		2B4AB4A72E5F256B005DF24C /* FloatingQuickActionPanel.swift in Sources */ = {isa = PBXBuildFile; fileRef = 2B4AB4842E5F256B005DF24C /* FloatingQuickActionPanel.swift */; };
		2B4AB4A82E5F256B005DF24C /* PaddedTextViewRepresentable.swift in Sources */ = {isa = PBXBuildFile; fileRef = 2B4AB4862E5F256B005DF24C /* PaddedTextViewRepresentable.swift */; };
		2B4AB4A92E5F256B005DF24C /* InputView.swift in Sources */ = {isa = PBXBuildFile; fileRef = 2B4AB4882E5F256B005DF24C /* InputView.swift */; };
		2B4AB4AA2E5F256B005DF24C /* PopoverControls.swift in Sources */ = {isa = PBXBuildFile; fileRef = 2B4AB4892E5F256B005DF24C /* PopoverControls.swift */; };
		2B4AB4AB2E5F256B005DF24C /* Constants.swift in Sources */ = {isa = PBXBuildFile; fileRef = 2B4AB48C2E5F256B005DF24C /* Constants.swift */; };
		2B4AB4AC2E5F256B005DF24C /* AppDelegate.swift in Sources */ = {isa = PBXBuildFile; fileRef = 2B4AB48E2E5F256B005DF24C /* AppDelegate.swift */; };
		2B4AB4AD2E5F256B005DF24C /* QuickTranslatorApp.swift in Sources */ = {isa = PBXBuildFile; fileRef = 2B4AB48F2E5F256B005DF24C /* QuickTranslatorApp.swift */; };
		2B4AB4AE2E5F256B005DF24C /* UserDefaults+Ext.swift in Sources */ = {isa = PBXBuildFile; fileRef = 2B4AB4912E5F256B005DF24C /* UserDefaults+Ext.swift */; };
		2B4AB4AF2E5F256B005DF24C /* BounceButtonStyle.swift in Sources */ = {isa = PBXBuildFile; fileRef = 2B4AB4932E5F256B005DF24C /* BounceButtonStyle.swift */; };
		2B4AB4B02E5F256B005DF24C /* DoubleKeyMonitor.swift in Sources */ = {isa = PBXBuildFile; fileRef = 2B4AB4962E5F256B005DF24C /* DoubleKeyMonitor.swift */; };
		2B4AB4B12E5F256B005DF24C /* QuickActionManager.swift in Sources */ = {isa = PBXBuildFile; fileRef = 2B4AB4972E5F256B005DF24C /* QuickActionManager.swift */; };
		2B4AB4B32E5F256B005DF24C /* Language.swift in Sources */ = {isa = PBXBuildFile; fileRef = 2B4AB49B2E5F256B005DF24C /* Language.swift */; };
		2B4AB4B42E5F256B005DF24C /* SFIcons.swift in Sources */ = {isa = PBXBuildFile; fileRef = 2B4AB49C2E5F256B005DF24C /* SFIcons.swift */; };
		2B4AB4B52E5F256B005DF24C /* TranslateView.swift in Sources */ = {isa = PBXBuildFile; fileRef = 2B4AB4A02E5F256B005DF24C /* TranslateView.swift */; };
		2B4AB4B62E5F256B005DF24C /* TranslateViewModel.swift in Sources */ = {isa = PBXBuildFile; fileRef = 2B4AB4A12E5F256B005DF24C /* TranslateViewModel.swift */; };
		2B4AB4BE2E606AC6005DF24C /* MainPopover.swift in Sources */ = {isa = PBXBuildFile; fileRef = 2B4AB4BD2E606AC6005DF24C /* MainPopover.swift */; };
		2B4AB4C12E607667005DF24C /* StatusBarController.swift in Sources */ = {isa = PBXBuildFile; fileRef = 2B4AB4C02E607667005DF24C /* StatusBarController.swift */; };
		2B4AB4C32E607BD6005DF24C /* DIContainer.swift in Sources */ = {isa = PBXBuildFile; fileRef = 2B4AB4C22E607BD6005DF24C /* DIContainer.swift */; };
		2B4AB4CA2E61F743005DF24C /* PasteboardMarker.swift in Sources */ = {isa = PBXBuildFile; fileRef = 2B4AB4C92E61F743005DF24C /* PasteboardMarker.swift */; };
		2B4AB4DE2E674163005DF24C /* TranslationFactory.swift in Sources */ = {isa = PBXBuildFile; fileRef = 2B4AB4DD2E674163005DF24C /* TranslationFactory.swift */; };
		2B4AB4E02E6741AE005DF24C /* SwiftyTranslate.swift in Sources */ = {isa = PBXBuildFile; fileRef = 2B4AB4DF2E6741AE005DF24C /* SwiftyTranslate.swift */; };
		2B5433202E9693E500682C76 /* Logger.swift in Sources */ = {isa = PBXBuildFile; fileRef = 2B54331F2E9693E500682C76 /* Logger.swift */; };
		2B62A1EA2E6B07D9000ADA9E /* FeatureManager.swift in Sources */ = {isa = PBXBuildFile; fileRef = 2B62A1E92E6B07D5000ADA9E /* FeatureManager.swift */; };
		2B62A1EF2E6B203F000ADA9E /* DoubleKey.swift in Sources */ = {isa = PBXBuildFile; fileRef = 2B62A1EE2E6B203F000ADA9E /* DoubleKey.swift */; };
		2BA331D72E92A9FF00D91FA7 /* CustomTabBar.swift in Sources */ = {isa = PBXBuildFile; fileRef = 2BA331D62E92A9FF00D91FA7 /* CustomTabBar.swift */; };
		2BA5C8062E6F1B000025BE1F /* ToastModifier.swift in Sources */ = {isa = PBXBuildFile; fileRef = 2BA5C8052E6F1B000025BE1F /* ToastModifier.swift */; };
		2BDE7C342E986E4700DFD7FD /* InputLayout.swift in Sources */ = {isa = PBXBuildFile; fileRef = 2BDE7C332E986E4700DFD7FD /* InputLayout.swift */; };
		2BDE7C362E986E5400DFD7FD /* TranslationServiceType.swift in Sources */ = {isa = PBXBuildFile; fileRef = 2BDE7C352E986E5400DFD7FD /* TranslationServiceType.swift */; };
/* End PBXBuildFile section */

/* Begin PBXContainerItemProxy section */
		2B12E79D2E5351040029301B /* PBXContainerItemProxy */ = {
			isa = PBXContainerItemProxy;
			containerPortal = 2B12E7812E5351010029301B /* Project object */;
			proxyType = 1;
			remoteGlobalIDString = 2B12E7882E5351010029301B;
			remoteInfo = QuickTranslator;
		};
		2B12E7A72E5351040029301B /* PBXContainerItemProxy */ = {
			isa = PBXContainerItemProxy;
			containerPortal = 2B12E7812E5351010029301B /* Project object */;
			proxyType = 1;
			remoteGlobalIDString = 2B12E7882E5351010029301B;
			remoteInfo = QuickTranslator;
		};
/* End PBXContainerItemProxy section */

/* Begin PBXFileReference section */
		2B12E7892E5351010029301B /* QuickTranslator.app */ = {isa = PBXFileReference; explicitFileType = wrapper.application; includeInIndex = 0; path = QuickTranslator.app; sourceTree = BUILT_PRODUCTS_DIR; };
		2B12E79C2E5351040029301B /* QuickTranslatorTests.xctest */ = {isa = PBXFileReference; explicitFileType = wrapper.cfbundle; includeInIndex = 0; path = QuickTranslatorTests.xctest; sourceTree = BUILT_PRODUCTS_DIR; };
		2B12E7A62E5351040029301B /* QuickTranslatorUITests.xctest */ = {isa = PBXFileReference; explicitFileType = wrapper.cfbundle; includeInIndex = 0; path = QuickTranslatorUITests.xctest; sourceTree = BUILT_PRODUCTS_DIR; };
		2B1ACDC12E7AC71000E5429E /* SettingsWindowManager.swift */ = {isa = PBXFileReference; lastKnownFileType = sourcecode.swift; path = SettingsWindowManager.swift; sourceTree = "<group>"; };
		2B1ACDC32E7AC73000E5429E /* SettingsView.swift */ = {isa = PBXFileReference; lastKnownFileType = sourcecode.swift; path = SettingsView.swift; sourceTree = "<group>"; };
		2B1ACDC62E7ACDF400E5429E /* Afterable.swift */ = {isa = PBXFileReference; lastKnownFileType = sourcecode.swift; path = Afterable.swift; sourceTree = "<group>"; };
		2B1ACDC82E7ACF2B00E5429E /* NSObject.swift */ = {isa = PBXFileReference; lastKnownFileType = sourcecode.swift; path = NSObject.swift; sourceTree = "<group>"; };
		2B1ACDCA2E7C485A00E5429E /* View+Ext.swift */ = {isa = PBXFileReference; lastKnownFileType = sourcecode.swift; path = "View+Ext.swift"; sourceTree = "<group>"; };
		2B1F0E8D2E7851090072BDD8 /* TypeAliases.swift */ = {isa = PBXFileReference; lastKnownFileType = sourcecode.swift; path = TypeAliases.swift; sourceTree = "<group>"; };
		2B1F0E8F2E7989940072BDD8 /* ExchangeLanguageView.swift */ = {isa = PBXFileReference; lastKnownFileType = sourcecode.swift; path = ExchangeLanguageView.swift; sourceTree = "<group>"; };
		2B2F39532E93DF0F009AB506 /* GeneralSettingsView.swift */ = {isa = PBXFileReference; lastKnownFileType = sourcecode.swift; path = GeneralSettingsView.swift; sourceTree = "<group>"; };
		2B2F39552E93DF24009AB506 /* TranslationSettingsView.swift */ = {isa = PBXFileReference; lastKnownFileType = sourcecode.swift; path = TranslationSettingsView.swift; sourceTree = "<group>"; };
		2B2F39572E93DF2F009AB506 /* ShortcutsSettingsView.swift */ = {isa = PBXFileReference; lastKnownFileType = sourcecode.swift; path = ShortcutsSettingsView.swift; sourceTree = "<group>"; };
		2B2F39592E93DF3E009AB506 /* AboutSettingsView.swift */ = {isa = PBXFileReference; lastKnownFileType = sourcecode.swift; path = AboutSettingsView.swift; sourceTree = "<group>"; };
		2B4AB4832E5F256B005DF24C /* EnterKeyHandlerTextView.swift */ = {isa = PBXFileReference; lastKnownFileType = sourcecode.swift; path = EnterKeyHandlerTextView.swift; sourceTree = "<group>"; };
		2B4AB4842E5F256B005DF24C /* FloatingQuickActionPanel.swift */ = {isa = PBXFileReference; lastKnownFileType = sourcecode.swift; path = FloatingQuickActionPanel.swift; sourceTree = "<group>"; };
		2B4AB4862E5F256B005DF24C /* PaddedTextViewRepresentable.swift */ = {isa = PBXFileReference; lastKnownFileType = sourcecode.swift; path = PaddedTextViewRepresentable.swift; sourceTree = "<group>"; };
		2B4AB4882E5F256B005DF24C /* InputView.swift */ = {isa = PBXFileReference; lastKnownFileType = sourcecode.swift; path = InputView.swift; sourceTree = "<group>"; };
		2B4AB4892E5F256B005DF24C /* PopoverControls.swift */ = {isa = PBXFileReference; lastKnownFileType = sourcecode.swift; path = PopoverControls.swift; sourceTree = "<group>"; };
		2B4AB48C2E5F256B005DF24C /* Constants.swift */ = {isa = PBXFileReference; lastKnownFileType = sourcecode.swift; path = Constants.swift; sourceTree = "<group>"; };
		2B4AB48E2E5F256B005DF24C /* AppDelegate.swift */ = {isa = PBXFileReference; lastKnownFileType = sourcecode.swift; path = AppDelegate.swift; sourceTree = "<group>"; };
		2B4AB48F2E5F256B005DF24C /* QuickTranslatorApp.swift */ = {isa = PBXFileReference; lastKnownFileType = sourcecode.swift; path = QuickTranslatorApp.swift; sourceTree = "<group>"; };
		2B4AB4912E5F256B005DF24C /* UserDefaults+Ext.swift */ = {isa = PBXFileReference; lastKnownFileType = sourcecode.swift; path = "UserDefaults+Ext.swift"; sourceTree = "<group>"; };
		2B4AB4932E5F256B005DF24C /* BounceButtonStyle.swift */ = {isa = PBXFileReference; lastKnownFileType = sourcecode.swift; path = BounceButtonStyle.swift; sourceTree = "<group>"; };
		2B4AB4962E5F256B005DF24C /* DoubleKeyMonitor.swift */ = {isa = PBXFileReference; lastKnownFileType = sourcecode.swift; path = DoubleKeyMonitor.swift; sourceTree = "<group>"; };
		2B4AB4972E5F256B005DF24C /* QuickActionManager.swift */ = {isa = PBXFileReference; lastKnownFileType = sourcecode.swift; path = QuickActionManager.swift; sourceTree = "<group>"; };
		2B4AB49B2E5F256B005DF24C /* Language.swift */ = {isa = PBXFileReference; lastKnownFileType = sourcecode.swift; path = Language.swift; sourceTree = "<group>"; };
		2B4AB49C2E5F256B005DF24C /* SFIcons.swift */ = {isa = PBXFileReference; lastKnownFileType = sourcecode.swift; path = SFIcons.swift; sourceTree = "<group>"; };
		2B4AB49E2E5F256B005DF24C /* Assets.xcassets */ = {isa = PBXFileReference; lastKnownFileType = folder.assetcatalog; path = Assets.xcassets; sourceTree = "<group>"; };
		2B4AB4A02E5F256B005DF24C /* TranslateView.swift */ = {isa = PBXFileReference; lastKnownFileType = sourcecode.swift; path = TranslateView.swift; sourceTree = "<group>"; };
		2B4AB4A12E5F256B005DF24C /* TranslateViewModel.swift */ = {isa = PBXFileReference; lastKnownFileType = sourcecode.swift; path = TranslateViewModel.swift; sourceTree = "<group>"; };
		2B4AB4A32E5F256B005DF24C /* QuickTranslator.entitlements */ = {isa = PBXFileReference; lastKnownFileType = text.plist.entitlements; path = QuickTranslator.entitlements; sourceTree = "<group>"; };
		2B4AB4BD2E606AC6005DF24C /* MainPopover.swift */ = {isa = PBXFileReference; lastKnownFileType = sourcecode.swift; path = MainPopover.swift; sourceTree = "<group>"; };
		2B4AB4C02E607667005DF24C /* StatusBarController.swift */ = {isa = PBXFileReference; lastKnownFileType = sourcecode.swift; path = StatusBarController.swift; sourceTree = "<group>"; };
		2B4AB4C22E607BD6005DF24C /* DIContainer.swift */ = {isa = PBXFileReference; lastKnownFileType = sourcecode.swift; path = DIContainer.swift; sourceTree = "<group>"; };
		2B4AB4C92E61F743005DF24C /* PasteboardMarker.swift */ = {isa = PBXFileReference; lastKnownFileType = sourcecode.swift; path = PasteboardMarker.swift; sourceTree = "<group>"; };
		2B4AB4DD2E674163005DF24C /* TranslationFactory.swift */ = {isa = PBXFileReference; lastKnownFileType = sourcecode.swift; path = TranslationFactory.swift; sourceTree = "<group>"; };
		2B4AB4DF2E6741AE005DF24C /* SwiftyTranslate.swift */ = {isa = PBXFileReference; lastKnownFileType = sourcecode.swift; path = SwiftyTranslate.swift; sourceTree = "<group>"; };
		2B4AB4E12E686E06005DF24C /* Info.plist */ = {isa = PBXFileReference; lastKnownFileType = text.plist.xml; path = Info.plist; sourceTree = "<group>"; };
		2B54331F2E9693E500682C76 /* Logger.swift */ = {isa = PBXFileReference; lastKnownFileType = sourcecode.swift; path = Logger.swift; sourceTree = "<group>"; };
		2B62A1E92E6B07D5000ADA9E /* FeatureManager.swift */ = {isa = PBXFileReference; lastKnownFileType = sourcecode.swift; path = FeatureManager.swift; sourceTree = "<group>"; };
		2B62A1EE2E6B203F000ADA9E /* DoubleKey.swift */ = {isa = PBXFileReference; lastKnownFileType = sourcecode.swift; path = DoubleKey.swift; sourceTree = "<group>"; };
		2BA331D62E92A9FF00D91FA7 /* CustomTabBar.swift */ = {isa = PBXFileReference; lastKnownFileType = sourcecode.swift; path = CustomTabBar.swift; sourceTree = "<group>"; };
		2BA5C8052E6F1B000025BE1F /* ToastModifier.swift */ = {isa = PBXFileReference; lastKnownFileType = sourcecode.swift; path = ToastModifier.swift; sourceTree = "<group>"; };
		2BDE7C332E986E4700DFD7FD /* InputLayout.swift */ = {isa = PBXFileReference; lastKnownFileType = sourcecode.swift; path = InputLayout.swift; sourceTree = "<group>"; };
		2BDE7C352E986E5400DFD7FD /* TranslationServiceType.swift */ = {isa = PBXFileReference; lastKnownFileType = sourcecode.swift; path = TranslationServiceType.swift; sourceTree = "<group>"; };
/* End PBXFileReference section */

/* Begin PBXFileSystemSynchronizedRootGroup section */
		2B12E79F2E5351040029301B /* QuickTranslatorTests */ = {
			isa = PBXFileSystemSynchronizedRootGroup;
			path = QuickTranslatorTests;
			sourceTree = "<group>";
		};
		2B12E7A92E5351040029301B /* QuickTranslatorUITests */ = {
			isa = PBXFileSystemSynchronizedRootGroup;
			path = QuickTranslatorUITests;
			sourceTree = "<group>";
		};
/* End PBXFileSystemSynchronizedRootGroup section */

/* Begin PBXFrameworksBuildPhase section */
		2B12E7862E5351010029301B /* Frameworks */ = {
			isa = PBXFrameworksBuildPhase;
			buildActionMask = 2147483647;
			files = (
			);
			runOnlyForDeploymentPostprocessing = 0;
		};
		2B12E7992E5351040029301B /* Frameworks */ = {
			isa = PBXFrameworksBuildPhase;
			buildActionMask = 2147483647;
			files = (
			);
			runOnlyForDeploymentPostprocessing = 0;
		};
		2B12E7A32E5351040029301B /* Frameworks */ = {
			isa = PBXFrameworksBuildPhase;
			buildActionMask = 2147483647;
			files = (
			);
			runOnlyForDeploymentPostprocessing = 0;
		};
/* End PBXFrameworksBuildPhase section */

/* Begin PBXGroup section */
		2B12E7802E5351010029301B = {
			isa = PBXGroup;
			children = (
				2B4AB4A42E5F256B005DF24C /* QuickTranslator */,
				2B12E79F2E5351040029301B /* QuickTranslatorTests */,
				2B12E7A92E5351040029301B /* QuickTranslatorUITests */,
				2B12E78A2E5351010029301B /* Products */,
			);
			sourceTree = "<group>";
		};
		2B12E78A2E5351010029301B /* Products */ = {
			isa = PBXGroup;
			children = (
				2B12E7892E5351010029301B /* QuickTranslator.app */,
				2B12E79C2E5351040029301B /* QuickTranslatorTests.xctest */,
				2B12E7A62E5351040029301B /* QuickTranslatorUITests.xctest */,
			);
			name = Products;
			sourceTree = "<group>";
		};
		2B1ACDC02E7AC70B00E5429E /* Settings */ = {
			isa = PBXGroup;
			children = (
				2B1ACDC52E7ACB5800E5429E /* Views */,
				2B1ACDC12E7AC71000E5429E /* SettingsWindowManager.swift */,
			);
			path = Settings;
			sourceTree = "<group>";
		};
		2B1ACDC52E7ACB5800E5429E /* Views */ = {
			isa = PBXGroup;
			children = (
				2B2F39522E93DF07009AB506 /* Tabs */,
				2BA331D62E92A9FF00D91FA7 /* CustomTabBar.swift */,
				2B1ACDC32E7AC73000E5429E /* SettingsView.swift */,
			);
			path = Views;
			sourceTree = "<group>";
		};
		2B2F39522E93DF07009AB506 /* Tabs */ = {
			isa = PBXGroup;
			children = (
				2B2F39532E93DF0F009AB506 /* GeneralSettingsView.swift */,
				2B2F39552E93DF24009AB506 /* TranslationSettingsView.swift */,
				2B2F39572E93DF2F009AB506 /* ShortcutsSettingsView.swift */,
				2B2F39592E93DF3E009AB506 /* AboutSettingsView.swift */,
			);
			path = Tabs;
			sourceTree = "<group>";
		};
		2B4AB4852E5F256B005DF24C /* AppKitComponents */ = {
			isa = PBXGroup;
			children = (
				2B4AB4832E5F256B005DF24C /* EnterKeyHandlerTextView.swift */,
			);
			path = AppKitComponents;
			sourceTree = "<group>";
		};
		2B4AB4872E5F256B005DF24C /* Representable */ = {
			isa = PBXGroup;
			children = (
				2B4AB4862E5F256B005DF24C /* PaddedTextViewRepresentable.swift */,
			);
			path = Representable;
			sourceTree = "<group>";
		};
		2B4AB48A2E5F256B005DF24C /* SwiftUIComponents */ = {
			isa = PBXGroup;
			children = (
				2BA5C8052E6F1B000025BE1F /* ToastModifier.swift */,
			);
			path = SwiftUIComponents;
			sourceTree = "<group>";
		};
		2B4AB48B2E5F256B005DF24C /* Components */ = {
			isa = PBXGroup;
			children = (
				2B4AB4852E5F256B005DF24C /* AppKitComponents */,
				2B4AB4872E5F256B005DF24C /* Representable */,
				2B4AB48A2E5F256B005DF24C /* SwiftUIComponents */,
			);
			path = Components;
			sourceTree = "<group>";
		};
		2B4AB48D2E5F256B005DF24C /* Constants */ = {
			isa = PBXGroup;
			children = (
				2B1F0E8D2E7851090072BDD8 /* TypeAliases.swift */,
				2B4AB48C2E5F256B005DF24C /* Constants.swift */,
			);
			path = Constants;
			sourceTree = "<group>";
		};
		2B4AB4902E5F256B005DF24C /* Core */ = {
			isa = PBXGroup;
			children = (
				2B62A1E82E6B07CB000ADA9E /* Managers */,
				2B4AB48D2E5F256B005DF24C /* Constants */,
				2B4AB48E2E5F256B005DF24C /* AppDelegate.swift */,
				2B4AB4C22E607BD6005DF24C /* DIContainer.swift */,
				2B4AB48F2E5F256B005DF24C /* QuickTranslatorApp.swift */,
			);
			path = Core;
			sourceTree = "<group>";
		};
		2B4AB4922E5F256B005DF24C /* Foundation */ = {
			isa = PBXGroup;
			children = (
				2B1ACDC62E7ACDF400E5429E /* Afterable.swift */,
				2B4AB4912E5F256B005DF24C /* UserDefaults+Ext.swift */,
				2B1ACDC82E7ACF2B00E5429E /* NSObject.swift */,
			);
			path = Foundation;
			sourceTree = "<group>";
		};
		2B4AB4942E5F256B005DF24C /* SwiftUI */ = {
			isa = PBXGroup;
			children = (
				2B1ACDCA2E7C485A00E5429E /* View+Ext.swift */,
				2B4AB4932E5F256B005DF24C /* BounceButtonStyle.swift */,
			);
			path = SwiftUI;
			sourceTree = "<group>";
		};
		2B4AB4952E5F256B005DF24C /* Extension */ = {
			isa = PBXGroup;
			children = (
				2B4AB4C62E61D5A0005DF24C /* AppKit */,
				2B4AB4922E5F256B005DF24C /* Foundation */,
				2B4AB4942E5F256B005DF24C /* SwiftUI */,
			);
			path = Extension;
			sourceTree = "<group>";
		};
		2B4AB4992E5F256B005DF24C /* Utilities */ = {
			isa = PBXGroup;
			children = (
				2B54331E2E9693C700682C76 /* Logger */,
				2B62A1EB2E6B2017000ADA9E /* DoubleKeyMonitor */,
			);
			path = Utilities;
			sourceTree = "<group>";
		};
		2B4AB49D2E5F256B005DF24C /* Models */ = {
			isa = PBXGroup;
			children = (
				2BDE7C352E986E5400DFD7FD /* TranslationServiceType.swift */,
				2BDE7C332E986E4700DFD7FD /* InputLayout.swift */,
				2B4AB4C92E61F743005DF24C /* PasteboardMarker.swift */,
				2B4AB49B2E5F256B005DF24C /* Language.swift */,
				2B4AB49C2E5F256B005DF24C /* SFIcons.swift */,
			);
			path = Models;
			sourceTree = "<group>";
		};
		2B4AB49F2E5F256B005DF24C /* Resources */ = {
			isa = PBXGroup;
			children = (
				2B4AB49E2E5F256B005DF24C /* Assets.xcassets */,
				2B4AB4E12E686E06005DF24C /* Info.plist */,
			);
			path = Resources;
			sourceTree = "<group>";
		};
		2B4AB4A22E5F256B005DF24C /* Features */ = {
			isa = PBXGroup;
			children = (
				2B1ACDC02E7AC70B00E5429E /* Settings */,
				2B4AB4BF2E607506005DF24C /* StatusBar */,
				2B4AB4BC2E606A9C005DF24C /* MainPopover */,
				2B4AB4BB2E5F3416005DF24C /* QuickAction */,
				2B4AB4B72E5F2C71005DF24C /* Translation */,
			);
			path = Features;
			sourceTree = "<group>";
		};
		2B4AB4A42E5F256B005DF24C /* QuickTranslator */ = {
			isa = PBXGroup;
			children = (
				2B4AB4902E5F256B005DF24C /* Core */,
				2B4AB4A22E5F256B005DF24C /* Features */,
				2B4AB4E52E69B3F9005DF24C /* Services */,
				2B4AB48B2E5F256B005DF24C /* Components */,
				2B4AB49D2E5F256B005DF24C /* Models */,
				2B4AB4952E5F256B005DF24C /* Extension */,
				2B4AB4992E5F256B005DF24C /* Utilities */,
				2B4AB49F2E5F256B005DF24C /* Resources */,
				2B4AB4A32E5F256B005DF24C /* QuickTranslator.entitlements */,
			);
			path = QuickTranslator;
			sourceTree = "<group>";
		};
		2B4AB4B72E5F2C71005DF24C /* Translation */ = {
			isa = PBXGroup;
			children = (
				2B4AB4BA2E5F33DD005DF24C /* Components */,
				2B4AB4A02E5F256B005DF24C /* TranslateView.swift */,
				2B4AB4A12E5F256B005DF24C /* TranslateViewModel.swift */,
			);
			path = Translation;
			sourceTree = "<group>";
		};
		2B4AB4BA2E5F33DD005DF24C /* Components */ = {
			isa = PBXGroup;
			children = (
				2B1F0E8F2E7989940072BDD8 /* ExchangeLanguageView.swift */,
				2B4AB4882E5F256B005DF24C /* InputView.swift */,
			);
			path = Components;
			sourceTree = "<group>";
		};
		2B4AB4BB2E5F3416005DF24C /* QuickAction */ = {
			isa = PBXGroup;
			children = (
				2B4AB4842E5F256B005DF24C /* FloatingQuickActionPanel.swift */,
				2B4AB4972E5F256B005DF24C /* QuickActionManager.swift */,
			);
			path = QuickAction;
			sourceTree = "<group>";
		};
		2B4AB4BC2E606A9C005DF24C /* MainPopover */ = {
			isa = PBXGroup;
			children = (
				2B4AB4BD2E606AC6005DF24C /* MainPopover.swift */,
				2B4AB4892E5F256B005DF24C /* PopoverControls.swift */,
			);
			path = MainPopover;
			sourceTree = "<group>";
		};
		2B4AB4BF2E607506005DF24C /* StatusBar */ = {
			isa = PBXGroup;
			children = (
				2B4AB4C02E607667005DF24C /* StatusBarController.swift */,
			);
			path = StatusBar;
			sourceTree = "<group>";
		};
		2B4AB4C62E61D5A0005DF24C /* AppKit */ = {
			isa = PBXGroup;
			children = (
			);
			path = AppKit;
			sourceTree = "<group>";
		};
		2B4AB4E42E69B3E2005DF24C /* SwiftyTranslateService */ = {
			isa = PBXGroup;
			children = (
				2B4AB4DF2E6741AE005DF24C /* SwiftyTranslate.swift */,
			);
			path = SwiftyTranslateService;
			sourceTree = "<group>";
		};
		2B4AB4E52E69B3F9005DF24C /* Services */ = {
			isa = PBXGroup;
			children = (
				2B4AB4DD2E674163005DF24C /* TranslationFactory.swift */,
				2B4AB4E42E69B3E2005DF24C /* SwiftyTranslateService */,
			);
			path = Services;
			sourceTree = "<group>";
		};
		2B54331E2E9693C700682C76 /* Logger */ = {
			isa = PBXGroup;
			children = (
				2B54331F2E9693E500682C76 /* Logger.swift */,
			);
			path = Logger;
			sourceTree = "<group>";
		};
		2B62A1E82E6B07CB000ADA9E /* Managers */ = {
			isa = PBXGroup;
			children = (
				2B62A1E92E6B07D5000ADA9E /* FeatureManager.swift */,
			);
			path = Managers;
			sourceTree = "<group>";
		};
		2B62A1EB2E6B2017000ADA9E /* DoubleKeyMonitor */ = {
			isa = PBXGroup;
			children = (
				2B62A1EE2E6B203F000ADA9E /* DoubleKey.swift */,
				2B4AB4962E5F256B005DF24C /* DoubleKeyMonitor.swift */,
			);
			path = DoubleKeyMonitor;
			sourceTree = "<group>";
		};
/* End PBXGroup section */

/* Begin PBXNativeTarget section */
		2B12E7882E5351010029301B /* QuickTranslator */ = {
			isa = PBXNativeTarget;
			buildConfigurationList = 2B12E7B02E5351040029301B /* Build configuration list for PBXNativeTarget "QuickTranslator" */;
			buildPhases = (
				2B12E7852E5351010029301B /* Sources */,
				2B12E7862E5351010029301B /* Frameworks */,
				2B12E7872E5351010029301B /* Resources */,
			);
			buildRules = (
			);
			dependencies = (
			);
			name = QuickTranslator;
			packageProductDependencies = (
			);
			productName = QuickTranslator;
			productReference = 2B12E7892E5351010029301B /* QuickTranslator.app */;
			productType = "com.apple.product-type.application";
		};
		2B12E79B2E5351040029301B /* QuickTranslatorTests */ = {
			isa = PBXNativeTarget;
			buildConfigurationList = 2B12E7B32E5351040029301B /* Build configuration list for PBXNativeTarget "QuickTranslatorTests" */;
			buildPhases = (
				2B12E7982E5351040029301B /* Sources */,
				2B12E7992E5351040029301B /* Frameworks */,
				2B12E79A2E5351040029301B /* Resources */,
			);
			buildRules = (
			);
			dependencies = (
				2B12E79E2E5351040029301B /* PBXTargetDependency */,
			);
			fileSystemSynchronizedGroups = (
				2B12E79F2E5351040029301B /* QuickTranslatorTests */,
			);
			name = QuickTranslatorTests;
			packageProductDependencies = (
			);
			productName = QuickTranslatorTests;
			productReference = 2B12E79C2E5351040029301B /* QuickTranslatorTests.xctest */;
			productType = "com.apple.product-type.bundle.unit-test";
		};
		2B12E7A52E5351040029301B /* QuickTranslatorUITests */ = {
			isa = PBXNativeTarget;
			buildConfigurationList = 2B12E7B62E5351040029301B /* Build configuration list for PBXNativeTarget "QuickTranslatorUITests" */;
			buildPhases = (
				2B12E7A22E5351040029301B /* Sources */,
				2B12E7A32E5351040029301B /* Frameworks */,
				2B12E7A42E5351040029301B /* Resources */,
			);
			buildRules = (
			);
			dependencies = (
				2B12E7A82E5351040029301B /* PBXTargetDependency */,
			);
			fileSystemSynchronizedGroups = (
				2B12E7A92E5351040029301B /* QuickTranslatorUITests */,
			);
			name = QuickTranslatorUITests;
			packageProductDependencies = (
			);
			productName = QuickTranslatorUITests;
			productReference = 2B12E7A62E5351040029301B /* QuickTranslatorUITests.xctest */;
			productType = "com.apple.product-type.bundle.ui-testing";
		};
/* End PBXNativeTarget section */

/* Begin PBXProject section */
		2B12E7812E5351010029301B /* Project object */ = {
			isa = PBXProject;
			attributes = {
				BuildIndependentTargetsInParallel = 1;
				LastSwiftUpdateCheck = 1610;
				LastUpgradeCheck = 1610;
				TargetAttributes = {
					2B12E7882E5351010029301B = {
						CreatedOnToolsVersion = 16.1;
					};
					2B12E79B2E5351040029301B = {
						CreatedOnToolsVersion = 16.1;
						TestTargetID = 2B12E7882E5351010029301B;
					};
					2B12E7A52E5351040029301B = {
						CreatedOnToolsVersion = 16.1;
						TestTargetID = 2B12E7882E5351010029301B;
					};
				};
			};
			buildConfigurationList = 2B12E7842E5351010029301B /* Build configuration list for PBXProject "QuickTranslator" */;
			developmentRegion = en;
			hasScannedForEncodings = 0;
			knownRegions = (
				en,
				Base,
			);
			mainGroup = 2B12E7802E5351010029301B;
			minimizedProjectReferenceProxies = 1;
			preferredProjectObjectVersion = 77;
			productRefGroup = 2B12E78A2E5351010029301B /* Products */;
			projectDirPath = "";
			projectRoot = "";
			targets = (
				2B12E7882E5351010029301B /* QuickTranslator */,
				2B12E79B2E5351040029301B /* QuickTranslatorTests */,
				2B12E7A52E5351040029301B /* QuickTranslatorUITests */,
			);
		};
/* End PBXProject section */

/* Begin PBXResourcesBuildPhase section */
		2B12E7872E5351010029301B /* Resources */ = {
			isa = PBXResourcesBuildPhase;
			buildActionMask = 2147483647;
			files = (
				2B4AB4A52E5F256B005DF24C /* Assets.xcassets in Resources */,
			);
			runOnlyForDeploymentPostprocessing = 0;
		};
		2B12E79A2E5351040029301B /* Resources */ = {
			isa = PBXResourcesBuildPhase;
			buildActionMask = 2147483647;
			files = (
			);
			runOnlyForDeploymentPostprocessing = 0;
		};
		2B12E7A42E5351040029301B /* Resources */ = {
			isa = PBXResourcesBuildPhase;
			buildActionMask = 2147483647;
			files = (
			);
			runOnlyForDeploymentPostprocessing = 0;
		};
/* End PBXResourcesBuildPhase section */

/* Begin PBXSourcesBuildPhase section */
		2B12E7852E5351010029301B /* Sources */ = {
			isa = PBXSourcesBuildPhase;
			buildActionMask = 2147483647;
			files = (
				2B4AB4A62E5F256B005DF24C /* EnterKeyHandlerTextView.swift in Sources */,
				2B4AB4A72E5F256B005DF24C /* FloatingQuickActionPanel.swift in Sources */,
				2B4AB4A82E5F256B005DF24C /* PaddedTextViewRepresentable.swift in Sources */,
				2BDE7C342E986E4700DFD7FD /* InputLayout.swift in Sources */,
				2B4AB4A92E5F256B005DF24C /* InputView.swift in Sources */,
				2B4AB4BE2E606AC6005DF24C /* MainPopover.swift in Sources */,
				2B4AB4AA2E5F256B005DF24C /* PopoverControls.swift in Sources */,
				2B62A1EF2E6B203F000ADA9E /* DoubleKey.swift in Sources */,
				2B4AB4E02E6741AE005DF24C /* SwiftyTranslate.swift in Sources */,
				2B1ACDC72E7ACDF700E5429E /* Afterable.swift in Sources */,
				2B2F395A2E93DF3E009AB506 /* AboutSettingsView.swift in Sources */,
				2B4AB4AB2E5F256B005DF24C /* Constants.swift in Sources */,
				2B2F39542E93DF0F009AB506 /* GeneralSettingsView.swift in Sources */,
				2B4AB4AC2E5F256B005DF24C /* AppDelegate.swift in Sources */,
				2B4AB4AD2E5F256B005DF24C /* QuickTranslatorApp.swift in Sources */,
				2B4AB4AE2E5F256B005DF24C /* UserDefaults+Ext.swift in Sources */,
				2B1ACDC92E7ACF2B00E5429E /* NSObject.swift in Sources */,
				2B4AB4AF2E5F256B005DF24C /* BounceButtonStyle.swift in Sources */,
				2B4AB4B02E5F256B005DF24C /* DoubleKeyMonitor.swift in Sources */,
				2B4AB4B12E5F256B005DF24C /* QuickActionManager.swift in Sources */,
				2B4AB4C12E607667005DF24C /* StatusBarController.swift in Sources */,
				2B4AB4B32E5F256B005DF24C /* Language.swift in Sources */,
				2B62A1EA2E6B07D9000ADA9E /* FeatureManager.swift in Sources */,
				2B5433202E9693E500682C76 /* Logger.swift in Sources */,
				2B1ACDC42E7AC73000E5429E /* SettingsView.swift in Sources */,
				2B2F39562E93DF24009AB506 /* TranslationSettingsView.swift in Sources */,
				2BA5C8062E6F1B000025BE1F /* ToastModifier.swift in Sources */,
				2B4AB4B42E5F256B005DF24C /* SFIcons.swift in Sources */,
				2B4AB4DE2E674163005DF24C /* TranslationFactory.swift in Sources */,
				2B4AB4CA2E61F743005DF24C /* PasteboardMarker.swift in Sources */,
				2BA331D72E92A9FF00D91FA7 /* CustomTabBar.swift in Sources */,
				2B1F0E8E2E78510E0072BDD8 /* TypeAliases.swift in Sources */,
				2B2F39582E93DF2F009AB506 /* ShortcutsSettingsView.swift in Sources */,
				2BDE7C362E986E5400DFD7FD /* TranslationServiceType.swift in Sources */,
				2B1ACDCB2E7C485A00E5429E /* View+Ext.swift in Sources */,
				2B1F0E902E7989940072BDD8 /* ExchangeLanguageView.swift in Sources */,
				2B4AB4B52E5F256B005DF24C /* TranslateView.swift in Sources */,
				2B4AB4C32E607BD6005DF24C /* DIContainer.swift in Sources */,
				2B1ACDC22E7AC71000E5429E /* SettingsWindowManager.swift in Sources */,
				2B4AB4B62E5F256B005DF24C /* TranslateViewModel.swift in Sources */,
			);
			runOnlyForDeploymentPostprocessing = 0;
		};
		2B12E7982E5351040029301B /* Sources */ = {
			isa = PBXSourcesBuildPhase;
			buildActionMask = 2147483647;
			files = (
			);
			runOnlyForDeploymentPostprocessing = 0;
		};
		2B12E7A22E5351040029301B /* Sources */ = {
			isa = PBXSourcesBuildPhase;
			buildActionMask = 2147483647;
			files = (
			);
			runOnlyForDeploymentPostprocessing = 0;
		};
/* End PBXSourcesBuildPhase section */

/* Begin PBXTargetDependency section */
		2B12E79E2E5351040029301B /* PBXTargetDependency */ = {
			isa = PBXTargetDependency;
			target = 2B12E7882E5351010029301B /* QuickTranslator */;
			targetProxy = 2B12E79D2E5351040029301B /* PBXContainerItemProxy */;
		};
		2B12E7A82E5351040029301B /* PBXTargetDependency */ = {
			isa = PBXTargetDependency;
			target = 2B12E7882E5351010029301B /* QuickTranslator */;
			targetProxy = 2B12E7A72E5351040029301B /* PBXContainerItemProxy */;
		};
/* End PBXTargetDependency section */

/* Begin XCBuildConfiguration section */
		2B12E7AE2E5351040029301B /* Debug */ = {
			isa = XCBuildConfiguration;
			buildSettings = {
				ALWAYS_SEARCH_USER_PATHS = NO;
				ASSETCATALOG_COMPILER_GENERATE_SWIFT_ASSET_SYMBOL_EXTENSIONS = YES;
				CLANG_ANALYZER_NONNULL = YES;
				CLANG_ANALYZER_NUMBER_OBJECT_CONVERSION = YES_AGGRESSIVE;
				CLANG_CXX_LANGUAGE_STANDARD = "gnu++20";
				CLANG_ENABLE_MODULES = YES;
				CLANG_ENABLE_OBJC_ARC = YES;
				CLANG_ENABLE_OBJC_WEAK = YES;
				CLANG_WARN_BLOCK_CAPTURE_AUTORELEASING = YES;
				CLANG_WARN_BOOL_CONVERSION = YES;
				CLANG_WARN_COMMA = YES;
				CLANG_WARN_CONSTANT_CONVERSION = YES;
				CLANG_WARN_DEPRECATED_OBJC_IMPLEMENTATIONS = YES;
				CLANG_WARN_DIRECT_OBJC_ISA_USAGE = YES_ERROR;
				CLANG_WARN_DOCUMENTATION_COMMENTS = YES;
				CLANG_WARN_EMPTY_BODY = YES;
				CLANG_WARN_ENUM_CONVERSION = YES;
				CLANG_WARN_INFINITE_RECURSION = YES;
				CLANG_WARN_INT_CONVERSION = YES;
				CLANG_WARN_NON_LITERAL_NULL_CONVERSION = YES;
				CLANG_WARN_OBJC_IMPLICIT_RETAIN_SELF = YES;
				CLANG_WARN_OBJC_LITERAL_CONVERSION = YES;
				CLANG_WARN_OBJC_ROOT_CLASS = YES_ERROR;
				CLANG_WARN_QUOTED_INCLUDE_IN_FRAMEWORK_HEADER = YES;
				CLANG_WARN_RANGE_LOOP_ANALYSIS = YES;
				CLANG_WARN_STRICT_PROTOTYPES = YES;
				CLANG_WARN_SUSPICIOUS_MOVE = YES;
				CLANG_WARN_UNGUARDED_AVAILABILITY = YES_AGGRESSIVE;
				CLANG_WARN_UNREACHABLE_CODE = YES;
				CLANG_WARN__DUPLICATE_METHOD_MATCH = YES;
				COPY_PHASE_STRIP = NO;
				DEBUG_INFORMATION_FORMAT = dwarf;
				ENABLE_STRICT_OBJC_MSGSEND = YES;
				ENABLE_TESTABILITY = YES;
				ENABLE_USER_SCRIPT_SANDBOXING = YES;
				GCC_C_LANGUAGE_STANDARD = gnu17;
				GCC_DYNAMIC_NO_PIC = NO;
				GCC_NO_COMMON_BLOCKS = YES;
				GCC_OPTIMIZATION_LEVEL = 0;
				GCC_PREPROCESSOR_DEFINITIONS = (
					"DEBUG=1",
					"$(inherited)",
				);
				GCC_WARN_64_TO_32_BIT_CONVERSION = YES;
				GCC_WARN_ABOUT_RETURN_TYPE = YES_ERROR;
				GCC_WARN_UNDECLARED_SELECTOR = YES;
				GCC_WARN_UNINITIALIZED_AUTOS = YES_AGGRESSIVE;
				GCC_WARN_UNUSED_FUNCTION = YES;
				GCC_WARN_UNUSED_VARIABLE = YES;
				LOCALIZATION_PREFERS_STRING_CATALOGS = YES;
				MACOSX_DEPLOYMENT_TARGET = 15.1;
				MTL_ENABLE_DEBUG_INFO = INCLUDE_SOURCE;
				MTL_FAST_MATH = YES;
				ONLY_ACTIVE_ARCH = YES;
				SDKROOT = macosx;
				SWIFT_ACTIVE_COMPILATION_CONDITIONS = "DEBUG $(inherited)";
				SWIFT_OPTIMIZATION_LEVEL = "-Onone";
			};
			name = Debug;
		};
		2B12E7AF2E5351040029301B /* Release */ = {
			isa = XCBuildConfiguration;
			buildSettings = {
				ALWAYS_SEARCH_USER_PATHS = NO;
				ASSETCATALOG_COMPILER_GENERATE_SWIFT_ASSET_SYMBOL_EXTENSIONS = YES;
				CLANG_ANALYZER_NONNULL = YES;
				CLANG_ANALYZER_NUMBER_OBJECT_CONVERSION = YES_AGGRESSIVE;
				CLANG_CXX_LANGUAGE_STANDARD = "gnu++20";
				CLANG_ENABLE_MODULES = YES;
				CLANG_ENABLE_OBJC_ARC = YES;
				CLANG_ENABLE_OBJC_WEAK = YES;
				CLANG_WARN_BLOCK_CAPTURE_AUTORELEASING = YES;
				CLANG_WARN_BOOL_CONVERSION = YES;
				CLANG_WARN_COMMA = YES;
				CLANG_WARN_CONSTANT_CONVERSION = YES;
				CLANG_WARN_DEPRECATED_OBJC_IMPLEMENTATIONS = YES;
				CLANG_WARN_DIRECT_OBJC_ISA_USAGE = YES_ERROR;
				CLANG_WARN_DOCUMENTATION_COMMENTS = YES;
				CLANG_WARN_EMPTY_BODY = YES;
				CLANG_WARN_ENUM_CONVERSION = YES;
				CLANG_WARN_INFINITE_RECURSION = YES;
				CLANG_WARN_INT_CONVERSION = YES;
				CLANG_WARN_NON_LITERAL_NULL_CONVERSION = YES;
				CLANG_WARN_OBJC_IMPLICIT_RETAIN_SELF = YES;
				CLANG_WARN_OBJC_LITERAL_CONVERSION = YES;
				CLANG_WARN_OBJC_ROOT_CLASS = YES_ERROR;
				CLANG_WARN_QUOTED_INCLUDE_IN_FRAMEWORK_HEADER = YES;
				CLANG_WARN_RANGE_LOOP_ANALYSIS = YES;
				CLANG_WARN_STRICT_PROTOTYPES = YES;
				CLANG_WARN_SUSPICIOUS_MOVE = YES;
				CLANG_WARN_UNGUARDED_AVAILABILITY = YES_AGGRESSIVE;
				CLANG_WARN_UNREACHABLE_CODE = YES;
				CLANG_WARN__DUPLICATE_METHOD_MATCH = YES;
				COPY_PHASE_STRIP = NO;
				DEBUG_INFORMATION_FORMAT = "dwarf-with-dsym";
				ENABLE_NS_ASSERTIONS = NO;
				ENABLE_STRICT_OBJC_MSGSEND = YES;
				ENABLE_USER_SCRIPT_SANDBOXING = YES;
				GCC_C_LANGUAGE_STANDARD = gnu17;
				GCC_NO_COMMON_BLOCKS = YES;
				GCC_WARN_64_TO_32_BIT_CONVERSION = YES;
				GCC_WARN_ABOUT_RETURN_TYPE = YES_ERROR;
				GCC_WARN_UNDECLARED_SELECTOR = YES;
				GCC_WARN_UNINITIALIZED_AUTOS = YES_AGGRESSIVE;
				GCC_WARN_UNUSED_FUNCTION = YES;
				GCC_WARN_UNUSED_VARIABLE = YES;
				LOCALIZATION_PREFERS_STRING_CATALOGS = YES;
				MACOSX_DEPLOYMENT_TARGET = 15.1;
				MTL_ENABLE_DEBUG_INFO = NO;
				MTL_FAST_MATH = YES;
				SDKROOT = macosx;
				SWIFT_COMPILATION_MODE = wholemodule;
			};
			name = Release;
		};
		2B12E7B12E5351040029301B /* Debug */ = {
			isa = XCBuildConfiguration;
			buildSettings = {
				ASSETCATALOG_COMPILER_APPICON_NAME = AppIcon;
				ASSETCATALOG_COMPILER_GLOBAL_ACCENT_COLOR_NAME = AccentColor;
				CODE_SIGN_ENTITLEMENTS = QuickTranslator/QuickTranslator.entitlements;
				CODE_SIGN_STYLE = Automatic;
				COMBINE_HIDPI_IMAGES = YES;
				CURRENT_PROJECT_VERSION = 1;
				DEVELOPMENT_ASSET_PATHS = "";
				DEVELOPMENT_TEAM = 9CXW4HNGPA;
				ENABLE_HARDENED_RUNTIME = YES;
				ENABLE_PREVIEWS = YES;
				GENERATE_INFOPLIST_FILE = YES;
				INFOPLIST_FILE = QuickTranslator/Resources/Info.plist;
				INFOPLIST_KEY_LSUIElement = NO;
				INFOPLIST_KEY_NSAppleEventsUsageDescription = "QuickTranslator needs accessibility permission to detect Cmd+C";
				INFOPLIST_KEY_NSHumanReadableCopyright = "";
				LD_RUNPATH_SEARCH_PATHS = (
					"$(inherited)",
					"@executable_path/../Frameworks",
				);
				MACOSX_DEPLOYMENT_TARGET = 15.0;
				MARKETING_VERSION = 0.1;
				PRODUCT_BUNDLE_IDENTIFIER = veyselBozkurt.QuickTranslator;
				PRODUCT_NAME = "$(TARGET_NAME)";
				SWIFT_EMIT_LOC_STRINGS = YES;
				SWIFT_VERSION = 5.0;
			};
			name = Debug;
		};
		2B12E7B22E5351040029301B /* Release */ = {
			isa = XCBuildConfiguration;
			buildSettings = {
				ASSETCATALOG_COMPILER_APPICON_NAME = AppIcon;
				ASSETCATALOG_COMPILER_GLOBAL_ACCENT_COLOR_NAME = AccentColor;
				CODE_SIGN_ENTITLEMENTS = QuickTranslator/QuickTranslator.entitlements;
				CODE_SIGN_STYLE = Automatic;
				COMBINE_HIDPI_IMAGES = YES;
				CURRENT_PROJECT_VERSION = 1;
				DEVELOPMENT_ASSET_PATHS = "";
				DEVELOPMENT_TEAM = 9CXW4HNGPA;
				ENABLE_HARDENED_RUNTIME = YES;
				ENABLE_PREVIEWS = YES;
				GENERATE_INFOPLIST_FILE = YES;
				INFOPLIST_FILE = QuickTranslator/Resources/Info.plist;
				INFOPLIST_KEY_LSUIElement = NO;
				INFOPLIST_KEY_NSAppleEventsUsageDescription = "QuickTranslator needs accessibility permission to detect Cmd+C";
				INFOPLIST_KEY_NSHumanReadableCopyright = "";
				LD_RUNPATH_SEARCH_PATHS = (
					"$(inherited)",
					"@executable_path/../Frameworks",
				);
				MACOSX_DEPLOYMENT_TARGET = 15.0;
				MARKETING_VERSION = 0.1;
				PRODUCT_BUNDLE_IDENTIFIER = veyselBozkurt.QuickTranslator;
				PRODUCT_NAME = "$(TARGET_NAME)";
				SWIFT_EMIT_LOC_STRINGS = YES;
				SWIFT_VERSION = 5.0;
			};
			name = Release;
		};
		2B12E7B42E5351040029301B /* Debug */ = {
			isa = XCBuildConfiguration;
			buildSettings = {
				BUNDLE_LOADER = "$(TEST_HOST)";
				CODE_SIGN_STYLE = Automatic;
				CURRENT_PROJECT_VERSION = 1;
				DEVELOPMENT_TEAM = 9CXW4HNGPA;
				GENERATE_INFOPLIST_FILE = YES;
				MACOSX_DEPLOYMENT_TARGET = 15.0;
				MARKETING_VERSION = 1.0;
				PRODUCT_BUNDLE_IDENTIFIER = veyselBozkurt.QuickTranslatorTests;
				PRODUCT_NAME = "$(TARGET_NAME)";
				SWIFT_EMIT_LOC_STRINGS = NO;
				SWIFT_VERSION = 5.0;
				TEST_HOST = "$(BUILT_PRODUCTS_DIR)/QuickTranslator.app/$(BUNDLE_EXECUTABLE_FOLDER_PATH)/QuickTranslator";
			};
			name = Debug;
		};
		2B12E7B52E5351040029301B /* Release */ = {
			isa = XCBuildConfiguration;
			buildSettings = {
				BUNDLE_LOADER = "$(TEST_HOST)";
				CODE_SIGN_STYLE = Automatic;
				CURRENT_PROJECT_VERSION = 1;
				DEVELOPMENT_TEAM = 9CXW4HNGPA;
				GENERATE_INFOPLIST_FILE = YES;
				MACOSX_DEPLOYMENT_TARGET = 15.0;
				MARKETING_VERSION = 1.0;
				PRODUCT_BUNDLE_IDENTIFIER = veyselBozkurt.QuickTranslatorTests;
				PRODUCT_NAME = "$(TARGET_NAME)";
				SWIFT_EMIT_LOC_STRINGS = NO;
				SWIFT_VERSION = 5.0;
				TEST_HOST = "$(BUILT_PRODUCTS_DIR)/QuickTranslator.app/$(BUNDLE_EXECUTABLE_FOLDER_PATH)/QuickTranslator";
			};
			name = Release;
		};
		2B12E7B72E5351040029301B /* Debug */ = {
			isa = XCBuildConfiguration;
			buildSettings = {
				CODE_SIGN_STYLE = Automatic;
				CURRENT_PROJECT_VERSION = 1;
				DEVELOPMENT_TEAM = 9CXW4HNGPA;
				GENERATE_INFOPLIST_FILE = YES;
				MACOSX_DEPLOYMENT_TARGET = 15.0;
				MARKETING_VERSION = 1.0;
				PRODUCT_BUNDLE_IDENTIFIER = veyselBozkurt.QuickTranslatorUITests;
				PRODUCT_NAME = "$(TARGET_NAME)";
				SWIFT_EMIT_LOC_STRINGS = NO;
				SWIFT_VERSION = 5.0;
				TEST_TARGET_NAME = QuickTranslator;
			};
			name = Debug;
		};
		2B12E7B82E5351040029301B /* Release */ = {
			isa = XCBuildConfiguration;
			buildSettings = {
				CODE_SIGN_STYLE = Automatic;
				CURRENT_PROJECT_VERSION = 1;
				DEVELOPMENT_TEAM = 9CXW4HNGPA;
				GENERATE_INFOPLIST_FILE = YES;
				MACOSX_DEPLOYMENT_TARGET = 15.0;
				MARKETING_VERSION = 1.0;
				PRODUCT_BUNDLE_IDENTIFIER = veyselBozkurt.QuickTranslatorUITests;
				PRODUCT_NAME = "$(TARGET_NAME)";
				SWIFT_EMIT_LOC_STRINGS = NO;
				SWIFT_VERSION = 5.0;
				TEST_TARGET_NAME = QuickTranslator;
			};
			name = Release;
		};
/* End XCBuildConfiguration section */

/* Begin XCConfigurationList section */
		2B12E7842E5351010029301B /* Build configuration list for PBXProject "QuickTranslator" */ = {
			isa = XCConfigurationList;
			buildConfigurations = (
				2B12E7AE2E5351040029301B /* Debug */,
				2B12E7AF2E5351040029301B /* Release */,
			);
			defaultConfigurationIsVisible = 0;
			defaultConfigurationName = Release;
		};
		2B12E7B02E5351040029301B /* Build configuration list for PBXNativeTarget "QuickTranslator" */ = {
			isa = XCConfigurationList;
			buildConfigurations = (
				2B12E7B12E5351040029301B /* Debug */,
				2B12E7B22E5351040029301B /* Release */,
			);
			defaultConfigurationIsVisible = 0;
			defaultConfigurationName = Release;
		};
		2B12E7B32E5351040029301B /* Build configuration list for PBXNativeTarget "QuickTranslatorTests" */ = {
			isa = XCConfigurationList;
			buildConfigurations = (
				2B12E7B42E5351040029301B /* Debug */,
				2B12E7B52E5351040029301B /* Release */,
			);
			defaultConfigurationIsVisible = 0;
			defaultConfigurationName = Release;
		};
		2B12E7B62E5351040029301B /* Build configuration list for PBXNativeTarget "QuickTranslatorUITests" */ = {
			isa = XCConfigurationList;
			buildConfigurations = (
				2B12E7B72E5351040029301B /* Debug */,
				2B12E7B82E5351040029301B /* Release */,
			);
			defaultConfigurationIsVisible = 0;
			defaultConfigurationName = Release;
		};
/* End XCConfigurationList section */
	};
	rootObject = 2B12E7812E5351010029301B /* Project object */;
}
